
Microsoft Visual Studio Solution File, Format Version 12.00
# Visual Studio 15
VisualStudioVersion = 15.0.27703.2047
MinimumVisualStudioVersion = 10.0.40219.1
Project("{FAE04EC0-301F-11D3-BF4B-00C04F79EFBC}") = "BudgetApplication", "BudgetApplication\BudgetApplication.csproj", "{3B22E68C-D9D3-488C-982E-46A517D33591}"
EndProject
Global
	GlobalSection(SolutionConfigurationPlatforms) = preSolution
		Debug|Any CPU = Debug|Any CPU
		Release|Any CPU = Release|Any CPU
	EndGlobalSection
	GlobalSection(ProjectConfigurationPlatforms) = postSolution
		{3B22E68C-D9D3-488C-982E-46A517D33591}.Debug|Any CPU.ActiveCfg = Debug|Any CPU
		{3B22E68C-D9D3-488C-982E-46A517D33591}.Debug|Any CPU.Build.0 = Debug|Any CPU
		{3B22E68C-D9D3-488C-982E-46A517D33591}.Release|Any CPU.ActiveCfg = Release|Any CPU
		{3B22E68C-D9D3-488C-982E-46A517D33591}.Release|Any CPU.Build.0 = Release|Any CPU
	EndGlobalSection
	GlobalSection(SolutionProperties) = preSolution
		HideSolutionNode = FALSE
	EndGlobalSection
	GlobalSection(ExtensibilityGlobals) = postSolution
		SolutionGuid = {99D32053-F64D-4824-AF20-95DEEA0C0253}
	EndGlobalSection
EndGlobal
